
Microsoft Visual Studio Solution File, Format Version 12.00
# Visual Studio 15
Project("{FAE04EC0-301F-11D3-BF4B-00C04F79EFBC}") = "UnityEngine.TestRunner", "UnityEngine.TestRunner.csproj", "{EF94095D-7B8A-6A24-CE7B-F742C9AA6D68}"
EndProject
Project("{FAE04EC0-301F-11D3-BF4B-00C04F79EFBC}") = "Unity.Timeline", "Unity.Timeline.csproj", "{B3F0D57C-0B1C-613D-BB32-4CD6A13D86E3}"
EndProject
Project("{FAE04EC0-301F-11D3-BF4B-00C04F79EFBC}") = "UnityEngine.UI", "UnityEngine.UI.csproj", "{B84B6BE7-72FA-885B-75F5-DFF2D96FFA9F}"
EndProject
Project("{FAE04EC0-301F-11D3-BF4B-00C04F79EFBC}") = "Unity.TextMeshPro", "Unity.TextMeshPro.csproj", "{028AEAB8-4AA2-6C44-E5CA-294C1D7CAFA6}"
EndProject
Project("{FAE04EC0-301F-11D3-BF4B-00C04F79EFBC}") = "Unity.Barracuda", "Unity.Barracuda.csproj", "{F8F2BE75-C151-5179-1037-934A5259EF02}"
EndProject
Project("{FAE04EC0-301F-11D3-BF4B-00C04F79EFBC}") = "Unity.ML-Agents", "Unity.ML-Agents.csproj", "{5AA31534-804C-697A-346B-015416E3AF60}"
EndProject
Project("{FAE04EC0-301F-11D3-BF4B-00C04F79EFBC}") = "Unity.Mathematics", "Unity.Mathematics.csproj", "{5615B1AE-B436-C689-EC80-715273F8939B}"
EndProject
Project("{FAE04EC0-301F-11D3-BF4B-00C04F79EFBC}") = "Unity.Barracuda.Editor", "Unity.Barracuda.Editor.csproj", "{F667B1A4-8D7E-6A0C-ABEE-34648082AB71}"
EndProject
Project("{FAE04EC0-301F-11D3-BF4B-00C04F79EFBC}") = "Unity.Burst", "Unity.Burst.csproj", "{88437AAE-150A-DFE9-B405-D678AE558FE0}"
EndProject
Project("{FAE04EC0-301F-11D3-BF4B-00C04F79EFBC}") = "Unity.ML-Agents.CommunicatorObjects", "Unity.ML-Agents.CommunicatorObjects.csproj", "{001F7064-A22F-BE30-C2B7-739F8767E2E4}"
EndProject
Project("{FAE04EC0-301F-11D3-BF4B-00C04F79EFBC}") = "Unity.Barracuda.BurstBLAS", "Unity.Barracuda.BurstBLAS.csproj", "{EDCF39BD-4A26-ECF4-3D55-123197C5FA7D}"
EndProject
Project("{FAE04EC0-301F-11D3-BF4B-00C04F79EFBC}") = "Unity.Barracuda.iOSBLAS", "Unity.Barracuda.iOSBLAS.csproj", "{12A4D771-8C0F-94DA-F2FF-FE66283624D8}"
EndProject
Project("{FAE04EC0-301F-11D3-BF4B-00C04F79EFBC}") = "Unity.Barracuda.MacBLAS", "Unity.Barracuda.MacBLAS.csproj", "{FC0BFD01-876D-DD46-658B-090D5F82E508}"
EndProject
Project("{FAE04EC0-301F-11D3-BF4B-00C04F79EFBC}") = "Assembly-CSharp", "Assembly-CSharp.csproj", "{1E5363D0-A5D5-2F04-B50B-35661F215A8D}"
EndProject
Project("{FAE04EC0-301F-11D3-BF4B-00C04F79EFBC}") = "UnityEditor.TestRunner", "UnityEditor.TestRunner.csproj", "{40B9B8B4-9D80-1AEB-930F-B29595DD9A37}"
EndProject
Project("{FAE04EC0-301F-11D3-BF4B-00C04F79EFBC}") = "Unity.PlasticSCM.Editor", "Unity.PlasticSCM.Editor.csproj", "{1E74E6EA-01BB-621E-9BED-23675140E1D1}"
EndProject
Project("{FAE04EC0-301F-11D3-BF4B-00C04F79EFBC}") = "UnityEditor.UI", "UnityEditor.UI.csproj", "{42E6CE0C-B4C0-943E-39C4-C99E705D8E45}"
EndProject
Project("{FAE04EC0-301F-11D3-BF4B-00C04F79EFBC}") = "Unity.Timeline.Editor", "Unity.Timeline.Editor.csproj", "{FA758D1E-63A4-F1F6-979A-B7C759489FCD}"
EndProject
Project("{FAE04EC0-301F-11D3-BF4B-00C04F79EFBC}") = "Unity.VisualStudio.Editor", "Unity.VisualStudio.Editor.csproj", "{0E989A48-F43F-0F68-7CAC-81C420415095}"
EndProject
Project("{FAE04EC0-301F-11D3-BF4B-00C04F79EFBC}") = "Unity.TextMeshPro.Editor", "Unity.TextMeshPro.Editor.csproj", "{84F7B28B-98C8-9649-1430-DB5F3C6FA431}"
EndProject
Project("{FAE04EC0-301F-11D3-BF4B-00C04F79EFBC}") = "Unity.CollabProxy.Editor", "Unity.CollabProxy.Editor.csproj", "{A8952D02-DA61-48B4-329E-C23968A9D9F8}"
EndProject
Project("{FAE04EC0-301F-11D3-BF4B-00C04F79EFBC}") = "Unity.Rider.Editor", "Unity.Rider.Editor.csproj", "{31F862FA-0C07-E91A-9CD3-C6B231C32649}"
EndProject
Project("{FAE04EC0-301F-11D3-BF4B-00C04F79EFBC}") = "Unity.VSCode.Editor", "Unity.VSCode.Editor.csproj", "{1CB9C7FE-5C6E-0D22-A506-5720F31C65C5}"
EndProject
Project("{FAE04EC0-301F-11D3-BF4B-00C04F79EFBC}") = "Unity.Burst.Editor", "Unity.Burst.Editor.csproj", "{3B681393-9209-A469-39DA-F4DA7A8C2413}"
EndProject
Project("{FAE04EC0-301F-11D3-BF4B-00C04F79EFBC}") = "Unity.ML-Agents.Editor", "Unity.ML-Agents.Editor.csproj", "{A5B26506-B507-6C43-2CBB-5D4E7F1E7225}"
EndProject
Project("{FAE04EC0-301F-11D3-BF4B-00C04F79EFBC}") = "Unity.Mathematics.Editor", "Unity.Mathematics.Editor.csproj", "{A34A92A8-F349-640D-BCA6-886F4829AFC3}"
EndProject
Project("{FAE04EC0-301F-11D3-BF4B-00C04F79EFBC}") = "Assembly-CSharp-Editor", "Assembly-CSharp-Editor.csproj", "{6C6881A8-BE1D-B38F-9C1D-0055BEA499F0}"
EndProject
Project("{FAE04EC0-301F-11D3-BF4B-00C04F79EFBC}") = "UnityEngine.TestRunner", "UnityEngine.TestRunner.Player.csproj", "{F3B127B2-1B47-A391-86CC-0125DF2E86B4}"
EndProject
Project("{FAE04EC0-301F-11D3-BF4B-00C04F79EFBC}") = "Unity.Timeline", "Unity.Timeline.Player.csproj", "{36B65A6C-E9CF-489D-F404-B6B8150D0B6F}"
EndProject
Project("{FAE04EC0-301F-11D3-BF4B-00C04F79EFBC}") = "UnityEngine.UI", "UnityEngine.UI.Player.csproj", "{71D79084-D41E-52D0-553C-068FD2C7A7EA}"
EndProject
Project("{FAE04EC0-301F-11D3-BF4B-00C04F79EFBC}") = "Unity.TextMeshPro", "Unity.TextMeshPro.Player.csproj", "{B16C2164-8CBB-E602-24FB-8EFEC4616637}"
EndProject
Project("{FAE04EC0-301F-11D3-BF4B-00C04F79EFBC}") = "Unity.Barracuda", "Unity.Barracuda.Player.csproj", "{0214C9CD-6FED-14E1-F215-1A68A2D099E9}"
EndProject
Project("{FAE04EC0-301F-11D3-BF4B-00C04F79EFBC}") = "Unity.ML-Agents", "Unity.ML-Agents.Player.csproj", "{915C5E99-CF4A-7750-6859-DE66AC5A8F26}"
EndProject
Project("{FAE04EC0-301F-11D3-BF4B-00C04F79EFBC}") = "Unity.Mathematics", "Unity.Mathematics.Player.csproj", "{006ED4B8-388B-9849-3257-E2DC562E6BBC}"
EndProject
Project("{FAE04EC0-301F-11D3-BF4B-00C04F79EFBC}") = "Unity.Burst", "Unity.Burst.Player.csproj", "{5BE38796-A29B-B919-F195-8CC069BFA407}"
EndProject
Project("{FAE04EC0-301F-11D3-BF4B-00C04F79EFBC}") = "Unity.ML-Agents.CommunicatorObjects", "Unity.ML-Agents.CommunicatorObjects.Player.csproj", "{262EF03D-9A3D-D012-1821-0DB34A8A490D}"
EndProject
Project("{FAE04EC0-301F-11D3-BF4B-00C04F79EFBC}") = "Unity.Barracuda.BurstBLAS", "Unity.Barracuda.BurstBLAS.Player.csproj", "{91BF16BF-9AD3-86C6-6CBB-F66D193EAAA9}"
EndProject
Project("{FAE04EC0-301F-11D3-BF4B-00C04F79EFBC}") = "Assembly-CSharp", "Assembly-CSharp.Player.csproj", "{1EA7D3ED-62F7-4F48-5082-C8D47BBE1A3A}"
EndProject
Global
	GlobalSection(SolutionConfigurationPlatforms) = preSolution
		Debug|Any CPU = Debug|Any CPU
		Release|Any CPU = Release|Any CPU
	EndGlobalSection
	GlobalSection(ProjectConfigurationPlatforms) = postSolution
		{EF94095D-7B8A-6A24-CE7B-F742C9AA6D68}.Debug|Any CPU.ActiveCfg = Debug|Any CPU
		{EF94095D-7B8A-6A24-CE7B-F742C9AA6D68}.Debug|Any CPU.Build.0 = Debug|Any CPU
		{EF94095D-7B8A-6A24-CE7B-F742C9AA6D68}.Release|Any CPU.ActiveCfg = Release|Any CPU
		{EF94095D-7B8A-6A24-CE7B-F742C9AA6D68}.Release|Any CPU.Build.0 = Release|Any CPU
		{B3F0D57C-0B1C-613D-BB32-4CD6A13D86E3}.Debug|Any CPU.ActiveCfg = Debug|Any CPU
		{B3F0D57C-0B1C-613D-BB32-4CD6A13D86E3}.Debug|Any CPU.Build.0 = Debug|Any CPU
		{B3F0D57C-0B1C-613D-BB32-4CD6A13D86E3}.Release|Any CPU.ActiveCfg = Release|Any CPU
		{B3F0D57C-0B1C-613D-BB32-4CD6A13D86E3}.Release|Any CPU.Build.0 = Release|Any CPU
		{B84B6BE7-72FA-885B-75F5-DFF2D96FFA9F}.Debug|Any CPU.ActiveCfg = Debug|Any CPU
		{B84B6BE7-72FA-885B-75F5-DFF2D96FFA9F}.Debug|Any CPU.Build.0 = Debug|Any CPU
		{B84B6BE7-72FA-885B-75F5-DFF2D96FFA9F}.Release|Any CPU.ActiveCfg = Release|Any CPU
		{B84B6BE7-72FA-885B-75F5-DFF2D96FFA9F}.Release|Any CPU.Build.0 = Release|Any CPU
		{028AEAB8-4AA2-6C44-E5CA-294C1D7CAFA6}.Debug|Any CPU.ActiveCfg = Debug|Any CPU
		{028AEAB8-4AA2-6C44-E5CA-294C1D7CAFA6}.Debug|Any CPU.Build.0 = Debug|Any CPU
		{028AEAB8-4AA2-6C44-E5CA-294C1D7CAFA6}.Release|Any CPU.ActiveCfg = Release|Any CPU
		{028AEAB8-4AA2-6C44-E5CA-294C1D7CAFA6}.Release|Any CPU.Build.0 = Release|Any CPU
		{F8F2BE75-C151-5179-1037-934A5259EF02}.Debug|Any CPU.ActiveCfg = Debug|Any CPU
		{F8F2BE75-C151-5179-1037-934A5259EF02}.Debug|Any CPU.Build.0 = Debug|Any CPU
		{F8F2BE75-C151-5179-1037-934A5259EF02}.Release|Any CPU.ActiveCfg = Release|Any CPU
		{F8F2BE75-C151-5179-1037-934A5259EF02}.Release|Any CPU.Build.0 = Release|Any CPU
		{5AA31534-804C-697A-346B-015416E3AF60}.Debug|Any CPU.ActiveCfg = Debug|Any CPU
		{5AA31534-804C-697A-346B-015416E3AF60}.Debug|Any CPU.Build.0 = Debug|Any CPU
		{5AA31534-804C-697A-346B-015416E3AF60}.Release|Any CPU.ActiveCfg = Release|Any CPU
		{5AA31534-804C-697A-346B-015416E3AF60}.Release|Any CPU.Build.0 = Release|Any CPU
		{5615B1AE-B436-C689-EC80-715273F8939B}.Debug|Any CPU.ActiveCfg = Debug|Any CPU
		{5615B1AE-B436-C689-EC80-715273F8939B}.Debug|Any CPU.Build.0 = Debug|Any CPU
		{5615B1AE-B436-C689-EC80-715273F8939B}.Release|Any CPU.ActiveCfg = Release|Any CPU
		{5615B1AE-B436-C689-EC80-715273F8939B}.Release|Any CPU.Build.0 = Release|Any CPU
		{F667B1A4-8D7E-6A0C-ABEE-34648082AB71}.Debug|Any CPU.ActiveCfg = Debug|Any CPU
		{F667B1A4-8D7E-6A0C-ABEE-34648082AB71}.Debug|Any CPU.Build.0 = Debug|Any CPU
		{F667B1A4-8D7E-6A0C-ABEE-34648082AB71}.Release|Any CPU.ActiveCfg = Release|Any CPU
		{F667B1A4-8D7E-6A0C-ABEE-34648082AB71}.Release|Any CPU.Build.0 = Release|Any CPU
		{88437AAE-150A-DFE9-B405-D678AE558FE0}.Debug|Any CPU.ActiveCfg = Debug|Any CPU
		{88437AAE-150A-DFE9-B405-D678AE558FE0}.Debug|Any CPU.Build.0 = Debug|Any CPU
		{88437AAE-150A-DFE9-B405-D678AE558FE0}.Release|Any CPU.ActiveCfg = Release|Any CPU
		{88437AAE-150A-DFE9-B405-D678AE558FE0}.Release|Any CPU.Build.0 = Release|Any CPU
		{001F7064-A22F-BE30-C2B7-739F8767E2E4}.Debug|Any CPU.ActiveCfg = Debug|Any CPU
		{001F7064-A22F-BE30-C2B7-739F8767E2E4}.Debug|Any CPU.Build.0 = Debug|Any CPU
		{001F7064-A22F-BE30-C2B7-739F8767E2E4}.Release|Any CPU.ActiveCfg = Release|Any CPU
		{001F7064-A22F-BE30-C2B7-739F8767E2E4}.Release|Any CPU.Build.0 = Release|Any CPU
		{EDCF39BD-4A26-ECF4-3D55-123197C5FA7D}.Debug|Any CPU.ActiveCfg = Debug|Any CPU
		{EDCF39BD-4A26-ECF4-3D55-123197C5FA7D}.Debug|Any CPU.Build.0 = Debug|Any CPU
		{EDCF39BD-4A26-ECF4-3D55-123197C5FA7D}.Release|Any CPU.ActiveCfg = Release|Any CPU
		{EDCF39BD-4A26-ECF4-3D55-123197C5FA7D}.Release|Any CPU.Build.0 = Release|Any CPU
		{12A4D771-8C0F-94DA-F2FF-FE66283624D8}.Debug|Any CPU.ActiveCfg = Debug|Any CPU
		{12A4D771-8C0F-94DA-F2FF-FE66283624D8}.Debug|Any CPU.Build.0 = Debug|Any CPU
		{12A4D771-8C0F-94DA-F2FF-FE66283624D8}.Release|Any CPU.ActiveCfg = Release|Any CPU
		{12A4D771-8C0F-94DA-F2FF-FE66283624D8}.Release|Any CPU.Build.0 = Release|Any CPU
		{FC0BFD01-876D-DD46-658B-090D5F82E508}.Debug|Any CPU.ActiveCfg = Debug|Any CPU
		{FC0BFD01-876D-DD46-658B-090D5F82E508}.Debug|Any CPU.Build.0 = Debug|Any CPU
		{FC0BFD01-876D-DD46-658B-090D5F82E508}.Release|Any CPU.ActiveCfg = Release|Any CPU
		{FC0BFD01-876D-DD46-658B-090D5F82E508}.Release|Any CPU.Build.0 = Release|Any CPU
		{1E5363D0-A5D5-2F04-B50B-35661F215A8D}.Debug|Any CPU.ActiveCfg = Debug|Any CPU
		{1E5363D0-A5D5-2F04-B50B-35661F215A8D}.Debug|Any CPU.Build.0 = Debug|Any CPU
		{1E5363D0-A5D5-2F04-B50B-35661F215A8D}.Release|Any CPU.ActiveCfg = Release|Any CPU
		{1E5363D0-A5D5-2F04-B50B-35661F215A8D}.Release|Any CPU.Build.0 = Release|Any CPU
		{40B9B8B4-9D80-1AEB-930F-B29595DD9A37}.Debug|Any CPU.ActiveCfg = Debug|Any CPU
		{40B9B8B4-9D80-1AEB-930F-B29595DD9A37}.Debug|Any CPU.Build.0 = Debug|Any CPU
		{40B9B8B4-9D80-1AEB-930F-B29595DD9A37}.Release|Any CPU.ActiveCfg = Release|Any CPU
		{40B9B8B4-9D80-1AEB-930F-B29595DD9A37}.Release|Any CPU.Build.0 = Release|Any CPU
		{1E74E6EA-01BB-621E-9BED-23675140E1D1}.Debug|Any CPU.ActiveCfg = Debug|Any CPU
		{1E74E6EA-01BB-621E-9BED-23675140E1D1}.Debug|Any CPU.Build.0 = Debug|Any CPU
		{1E74E6EA-01BB-621E-9BED-23675140E1D1}.Release|Any CPU.ActiveCfg = Release|Any CPU
		{1E74E6EA-01BB-621E-9BED-23675140E1D1}.Release|Any CPU.Build.0 = Release|Any CPU
		{42E6CE0C-B4C0-943E-39C4-C99E705D8E45}.Debug|Any CPU.ActiveCfg = Debug|Any CPU
		{42E6CE0C-B4C0-943E-39C4-C99E705D8E45}.Debug|Any CPU.Build.0 = Debug|Any CPU
		{42E6CE0C-B4C0-943E-39C4-C99E705D8E45}.Release|Any CPU.ActiveCfg = Release|Any CPU
		{42E6CE0C-B4C0-943E-39C4-C99E705D8E45}.Release|Any CPU.Build.0 = Release|Any CPU
		{FA758D1E-63A4-F1F6-979A-B7C759489FCD}.Debug|Any CPU.ActiveCfg = Debug|Any CPU
		{FA758D1E-63A4-F1F6-979A-B7C759489FCD}.Debug|Any CPU.Build.0 = Debug|Any CPU
		{FA758D1E-63A4-F1F6-979A-B7C759489FCD}.Release|Any CPU.ActiveCfg = Release|Any CPU
		{FA758D1E-63A4-F1F6-979A-B7C759489FCD}.Release|Any CPU.Build.0 = Release|Any CPU
		{0E989A48-F43F-0F68-7CAC-81C420415095}.Debug|Any CPU.ActiveCfg = Debug|Any CPU
		{0E989A48-F43F-0F68-7CAC-81C420415095}.Debug|Any CPU.Build.0 = Debug|Any CPU
		{0E989A48-F43F-0F68-7CAC-81C420415095}.Release|Any CPU.ActiveCfg = Release|Any CPU
		{0E989A48-F43F-0F68-7CAC-81C420415095}.Release|Any CPU.Build.0 = Release|Any CPU
		{84F7B28B-98C8-9649-1430-DB5F3C6FA431}.Debug|Any CPU.ActiveCfg = Debug|Any CPU
		{84F7B28B-98C8-9649-1430-DB5F3C6FA431}.Debug|Any CPU.Build.0 = Debug|Any CPU
		{84F7B28B-98C8-9649-1430-DB5F3C6FA431}.Release|Any CPU.ActiveCfg = Release|Any CPU
		{84F7B28B-98C8-9649-1430-DB5F3C6FA431}.Release|Any CPU.Build.0 = Release|Any CPU
		{A8952D02-DA61-48B4-329E-C23968A9D9F8}.Debug|Any CPU.ActiveCfg = Debug|Any CPU
		{A8952D02-DA61-48B4-329E-C23968A9D9F8}.Debug|Any CPU.Build.0 = Debug|Any CPU
		{A8952D02-DA61-48B4-329E-C23968A9D9F8}.Release|Any CPU.ActiveCfg = Release|Any CPU
		{A8952D02-DA61-48B4-329E-C23968A9D9F8}.Release|Any CPU.Build.0 = Release|Any CPU
		{31F862FA-0C07-E91A-9CD3-C6B231C32649}.Debug|Any CPU.ActiveCfg = Debug|Any CPU
		{31F862FA-0C07-E91A-9CD3-C6B231C32649}.Debug|Any CPU.Build.0 = Debug|Any CPU
		{31F862FA-0C07-E91A-9CD3-C6B231C32649}.Release|Any CPU.ActiveCfg = Release|Any CPU
		{31F862FA-0C07-E91A-9CD3-C6B231C32649}.Release|Any CPU.Build.0 = Release|Any CPU
		{1CB9C7FE-5C6E-0D22-A506-5720F31C65C5}.Debug|Any CPU.ActiveCfg = Debug|Any CPU
		{1CB9C7FE-5C6E-0D22-A506-5720F31C65C5}.Debug|Any CPU.Build.0 = Debug|Any CPU
		{1CB9C7FE-5C6E-0D22-A506-5720F31C65C5}.Release|Any CPU.ActiveCfg = Release|Any CPU
		{1CB9C7FE-5C6E-0D22-A506-5720F31C65C5}.Release|Any CPU.Build.0 = Release|Any CPU
		{3B681393-9209-A469-39DA-F4DA7A8C2413}.Debug|Any CPU.ActiveCfg = Debug|Any CPU
		{3B681393-9209-A469-39DA-F4DA7A8C2413}.Debug|Any CPU.Build.0 = Debug|Any CPU
		{3B681393-9209-A469-39DA-F4DA7A8C2413}.Release|Any CPU.ActiveCfg = Release|Any CPU
		{3B681393-9209-A469-39DA-F4DA7A8C2413}.Release|Any CPU.Build.0 = Release|Any CPU
		{A5B26506-B507-6C43-2CBB-5D4E7F1E7225}.Debug|Any CPU.ActiveCfg = Debug|Any CPU
		{A5B26506-B507-6C43-2CBB-5D4E7F1E7225}.Debug|Any CPU.Build.0 = Debug|Any CPU
		{A5B26506-B507-6C43-2CBB-5D4E7F1E7225}.Release|Any CPU.ActiveCfg = Release|Any CPU
		{A5B26506-B507-6C43-2CBB-5D4E7F1E7225}.Release|Any CPU.Build.0 = Release|Any CPU
		{A34A92A8-F349-640D-BCA6-886F4829AFC3}.Debug|Any CPU.ActiveCfg = Debug|Any CPU
		{A34A92A8-F349-640D-BCA6-886F4829AFC3}.Debug|Any CPU.Build.0 = Debug|Any CPU
		{A34A92A8-F349-640D-BCA6-886F4829AFC3}.Release|Any CPU.ActiveCfg = Release|Any CPU
		{A34A92A8-F349-640D-BCA6-886F4829AFC3}.Release|Any CPU.Build.0 = Release|Any CPU
		{6C6881A8-BE1D-B38F-9C1D-0055BEA499F0}.Debug|Any CPU.ActiveCfg = Debug|Any CPU
		{6C6881A8-BE1D-B38F-9C1D-0055BEA499F0}.Debug|Any CPU.Build.0 = Debug|Any CPU
		{6C6881A8-BE1D-B38F-9C1D-0055BEA499F0}.Release|Any CPU.ActiveCfg = Release|Any CPU
		{6C6881A8-BE1D-B38F-9C1D-0055BEA499F0}.Release|Any CPU.Build.0 = Release|Any CPU
		{F3B127B2-1B47-A391-86CC-0125DF2E86B4}.Debug|Any CPU.ActiveCfg = Debug|Any CPU
		{F3B127B2-1B47-A391-86CC-0125DF2E86B4}.Debug|Any CPU.Build.0 = Debug|Any CPU
		{F3B127B2-1B47-A391-86CC-0125DF2E86B4}.Release|Any CPU.ActiveCfg = Release|Any CPU
		{F3B127B2-1B47-A391-86CC-0125DF2E86B4}.Release|Any CPU.Build.0 = Release|Any CPU
		{36B65A6C-E9CF-489D-F404-B6B8150D0B6F}.Debug|Any CPU.ActiveCfg = Debug|Any CPU
		{36B65A6C-E9CF-489D-F404-B6B8150D0B6F}.Debug|Any CPU.Build.0 = Debug|Any CPU
		{36B65A6C-E9CF-489D-F404-B6B8150D0B6F}.Release|Any CPU.ActiveCfg = Release|Any CPU
		{36B65A6C-E9CF-489D-F404-B6B8150D0B6F}.Release|Any CPU.Build.0 = Release|Any CPU
		{71D79084-D41E-52D0-553C-068FD2C7A7EA}.Debug|Any CPU.ActiveCfg = Debug|Any CPU
		{71D79084-D41E-52D0-553C-068FD2C7A7EA}.Debug|Any CPU.Build.0 = Debug|Any CPU
		{71D79084-D41E-52D0-553C-068FD2C7A7EA}.Release|Any CPU.ActiveCfg = Release|Any CPU
		{71D79084-D41E-52D0-553C-068FD2C7A7EA}.Release|Any CPU.Build.0 = Release|Any CPU
		{B16C2164-8CBB-E602-24FB-8EFEC4616637}.Debug|Any CPU.ActiveCfg = Debug|Any CPU
		{B16C2164-8CBB-E602-24FB-8EFEC4616637}.Debug|Any CPU.Build.0 = Debug|Any CPU
		{B16C2164-8CBB-E602-24FB-8EFEC4616637}.Release|Any CPU.ActiveCfg = Release|Any CPU
		{B16C2164-8CBB-E602-24FB-8EFEC4616637}.Release|Any CPU.Build.0 = Release|Any CPU
		{0214C9CD-6FED-14E1-F215-1A68A2D099E9}.Debug|Any CPU.ActiveCfg = Debug|Any CPU
		{0214C9CD-6FED-14E1-F215-1A68A2D099E9}.Debug|Any CPU.Build.0 = Debug|Any CPU
		{0214C9CD-6FED-14E1-F215-1A68A2D099E9}.Release|Any CPU.ActiveCfg = Release|Any CPU
		{0214C9CD-6FED-14E1-F215-1A68A2D099E9}.Release|Any CPU.Build.0 = Release|Any CPU
		{915C5E99-CF4A-7750-6859-DE66AC5A8F26}.Debug|Any CPU.ActiveCfg = Debug|Any CPU
		{915C5E99-CF4A-7750-6859-DE66AC5A8F26}.Debug|Any CPU.Build.0 = Debug|Any CPU
		{915C5E99-CF4A-7750-6859-DE66AC5A8F26}.Release|Any CPU.ActiveCfg = Release|Any CPU
		{915C5E99-CF4A-7750-6859-DE66AC5A8F26}.Release|Any CPU.Build.0 = Release|Any CPU
		{006ED4B8-388B-9849-3257-E2DC562E6BBC}.Debug|Any CPU.ActiveCfg = Debug|Any CPU
		{006ED4B8-388B-9849-3257-E2DC562E6BBC}.Debug|Any CPU.Build.0 = Debug|Any CPU
		{006ED4B8-388B-9849-3257-E2DC562E6BBC}.Release|Any CPU.ActiveCfg = Release|Any CPU
		{006ED4B8-388B-9849-3257-E2DC562E6BBC}.Release|Any CPU.Build.0 = Release|Any CPU
		{5BE38796-A29B-B919-F195-8CC069BFA407}.Debug|Any CPU.ActiveCfg = Debug|Any CPU
		{5BE38796-A29B-B919-F195-8CC069BFA407}.Debug|Any CPU.Build.0 = Debug|Any CPU
		{5BE38796-A29B-B919-F195-8CC069BFA407}.Release|Any CPU.ActiveCfg = Release|Any CPU
		{5BE38796-A29B-B919-F195-8CC069BFA407}.Release|Any CPU.Build.0 = Release|Any CPU
		{262EF03D-9A3D-D012-1821-0DB34A8A490D}.Debug|Any CPU.ActiveCfg = Debug|Any CPU
		{262EF03D-9A3D-D012-1821-0DB34A8A490D}.Debug|Any CPU.Build.0 = Debug|Any CPU
		{262EF03D-9A3D-D012-1821-0DB34A8A490D}.Release|Any CPU.ActiveCfg = Release|Any CPU
		{262EF03D-9A3D-D012-1821-0DB34A8A490D}.Release|Any CPU.Build.0 = Release|Any CPU
		{91BF16BF-9AD3-86C6-6CBB-F66D193EAAA9}.Debug|Any CPU.ActiveCfg = Debug|Any CPU
		{91BF16BF-9AD3-86C6-6CBB-F66D193EAAA9}.Debug|Any CPU.Build.0 = Debug|Any CPU
		{91BF16BF-9AD3-86C6-6CBB-F66D193EAAA9}.Release|Any CPU.ActiveCfg = Release|Any CPU
		{91BF16BF-9AD3-86C6-6CBB-F66D193EAAA9}.Release|Any CPU.Build.0 = Release|Any CPU
		{1EA7D3ED-62F7-4F48-5082-C8D47BBE1A3A}.Debug|Any CPU.ActiveCfg = Debug|Any CPU
		{1EA7D3ED-62F7-4F48-5082-C8D47BBE1A3A}.Debug|Any CPU.Build.0 = Debug|Any CPU
		{1EA7D3ED-62F7-4F48-5082-C8D47BBE1A3A}.Release|Any CPU.ActiveCfg = Release|Any CPU
		{1EA7D3ED-62F7-4F48-5082-C8D47BBE1A3A}.Release|Any CPU.Build.0 = Release|Any CPU
	EndGlobalSection
	GlobalSection(SolutionProperties) = preSolution
		HideSolutionNode = FALSE
	EndGlobalSection
EndGlobal
